
Microsoft Visual Studio Solution File, Format Version 12.00
# Visual Studio Version 16
VisualStudioVersion = 16.0.30907.101
MinimumVisualStudioVersion = 10.0.40219.1
Project("{FAE04EC0-301F-11D3-BF4B-00C04F79EFBC}") = "MasterFixture", "MasterFixture\MasterFixture.csproj", "{2A5DB65D-CADF-4D72-96DA-256C043A964B}"
EndProject
Global
	GlobalSection(SolutionConfigurationPlatforms) = preSolution
		Debug|Any CPU = Debug|Any CPU
		Release|Any CPU = Release|Any CPU
	EndGlobalSection
	GlobalSection(ProjectConfigurationPlatforms) = postSolution
		{2A5DB65D-CADF-4D72-96DA-256C043A964B}.Debug|Any CPU.ActiveCfg = Debug|Any CPU
		{2A5DB65D-CADF-4D72-96DA-256C043A964B}.Debug|Any CPU.Build.0 = Debug|Any CPU
		{2A5DB65D-CADF-4D72-96DA-256C043A964B}.Release|Any CPU.ActiveCfg = Release|Any CPU
		{2A5DB65D-CADF-4D72-96DA-256C043A964B}.Release|Any CPU.Build.0 = Release|Any CPU
	EndGlobalSection
	GlobalSection(SolutionProperties) = preSolution
		HideSolutionNode = FALSE
	EndGlobalSection
	GlobalSection(ExtensibilityGlobals) = postSolution
		SolutionGuid = {A7C52340-3F24-480E-8811-6337A780A449}
	EndGlobalSection
EndGlobal
